
Microsoft Visual Studio Solution File, Format Version 12.00
# Visual Studio Version 17
VisualStudioVersion = 17.7.34003.232
MinimumVisualStudioVersion = 10.0.40219.1
Project("{FAE04EC0-301F-11D3-BF4B-00C04F79EFBC}") = "9.held og lotto", "9.held og lotto\9.held og lotto.csproj", "{99F7F4D2-21AF-49D4-A0F4-D1B5A96AC11A}"
EndProject
Global
	GlobalSection(SolutionConfigurationPlatforms) = preSolution
		Debug|Any CPU = Debug|Any CPU
		Release|Any CPU = Release|Any CPU
	EndGlobalSection
	GlobalSection(ProjectConfigurationPlatforms) = postSolution
		{99F7F4D2-21AF-49D4-A0F4-D1B5A96AC11A}.Debug|Any CPU.ActiveCfg = Debug|Any CPU
		{99F7F4D2-21AF-49D4-A0F4-D1B5A96AC11A}.Debug|Any CPU.Build.0 = Debug|Any CPU
		{99F7F4D2-21AF-49D4-A0F4-D1B5A96AC11A}.Release|Any CPU.ActiveCfg = Release|Any CPU
		{99F7F4D2-21AF-49D4-A0F4-D1B5A96AC11A}.Release|Any CPU.Build.0 = Release|Any CPU
	EndGlobalSection
	GlobalSection(SolutionProperties) = preSolution
		HideSolutionNode = FALSE
	EndGlobalSection
	GlobalSection(ExtensibilityGlobals) = postSolution
		SolutionGuid = {D63CA470-F379-4D1E-82D9-BBA8BBD42FF9}
	EndGlobalSection
EndGlobal
