
Microsoft Visual Studio Solution File, Format Version 12.00
# Visual Studio Version 17
VisualStudioVersion = 17.7.34003.232
MinimumVisualStudioVersion = 10.0.40219.1
Project("{FAE04EC0-301F-11D3-BF4B-00C04F79EFBC}") = "12. Vinos blancos", "12. Vinos blancos\12. Vinos blancos.csproj", "{4A3C7271-CE27-4C61-B324-4194A839971D}"
EndProject
Global
	GlobalSection(SolutionConfigurationPlatforms) = preSolution
		Debug|Any CPU = Debug|Any CPU
		Release|Any CPU = Release|Any CPU
	EndGlobalSection
	GlobalSection(ProjectConfigurationPlatforms) = postSolution
		{4A3C7271-CE27-4C61-B324-4194A839971D}.Debug|Any CPU.ActiveCfg = Debug|Any CPU
		{4A3C7271-CE27-4C61-B324-4194A839971D}.Debug|Any CPU.Build.0 = Debug|Any CPU
		{4A3C7271-CE27-4C61-B324-4194A839971D}.Release|Any CPU.ActiveCfg = Release|Any CPU
		{4A3C7271-CE27-4C61-B324-4194A839971D}.Release|Any CPU.Build.0 = Release|Any CPU
	EndGlobalSection
	GlobalSection(SolutionProperties) = preSolution
		HideSolutionNode = FALSE
	EndGlobalSection
	GlobalSection(ExtensibilityGlobals) = postSolution
		SolutionGuid = {FBC7C710-CCD0-43A4-8934-D3F93EFF3463}
	EndGlobalSection
EndGlobal
