
Microsoft Visual Studio Solution File, Format Version 12.00
# Visual Studio Version 17
VisualStudioVersion = 17.6.33829.357
MinimumVisualStudioVersion = 10.0.40219.1
Project("{FAE04EC0-301F-11D3-BF4B-00C04F79EFBC}") = "1.Variable og datatyper", "1.Variable og datatyper\1.Variable og datatyper.csproj", "{632740DA-3CD9-43DB-9F2E-3513138B83A4}"
EndProject
Global
	GlobalSection(SolutionConfigurationPlatforms) = preSolution
		Debug|Any CPU = Debug|Any CPU
		Release|Any CPU = Release|Any CPU
	EndGlobalSection
	GlobalSection(ProjectConfigurationPlatforms) = postSolution
		{632740DA-3CD9-43DB-9F2E-3513138B83A4}.Debug|Any CPU.ActiveCfg = Debug|Any CPU
		{632740DA-3CD9-43DB-9F2E-3513138B83A4}.Debug|Any CPU.Build.0 = Debug|Any CPU
		{632740DA-3CD9-43DB-9F2E-3513138B83A4}.Release|Any CPU.ActiveCfg = Release|Any CPU
		{632740DA-3CD9-43DB-9F2E-3513138B83A4}.Release|Any CPU.Build.0 = Release|Any CPU
	EndGlobalSection
	GlobalSection(SolutionProperties) = preSolution
		HideSolutionNode = FALSE
	EndGlobalSection
	GlobalSection(ExtensibilityGlobals) = postSolution
		SolutionGuid = {6DE05764-5734-407E-9AFA-1C638ACBCF25}
	EndGlobalSection
EndGlobal
